
Microsoft Visual Studio Solution File, Format Version 12.00
# Visual Studio Version 16
VisualStudioVersion = 16.0.31019.35
MinimumVisualStudioVersion = 10.0.40219.1
Project("{FAE04EC0-301F-11D3-BF4B-00C04F79EFBC}") = "MonteCarloAlgorithm", "MonteCarloAlgorithm\MonteCarloAlgorithm.csproj", "{D142763F-B267-4C83-8931-76E232D4BE28}"
EndProject
Global
	GlobalSection(SolutionConfigurationPlatforms) = preSolution
		Debug|Any CPU = Debug|Any CPU
		Release|Any CPU = Release|Any CPU
	EndGlobalSection
	GlobalSection(ProjectConfigurationPlatforms) = postSolution
		{D142763F-B267-4C83-8931-76E232D4BE28}.Debug|Any CPU.ActiveCfg = Debug|Any CPU
		{D142763F-B267-4C83-8931-76E232D4BE28}.Debug|Any CPU.Build.0 = Debug|Any CPU
		{D142763F-B267-4C83-8931-76E232D4BE28}.Release|Any CPU.ActiveCfg = Release|Any CPU
		{D142763F-B267-4C83-8931-76E232D4BE28}.Release|Any CPU.Build.0 = Release|Any CPU
	EndGlobalSection
	GlobalSection(SolutionProperties) = preSolution
		HideSolutionNode = FALSE
	EndGlobalSection
	GlobalSection(ExtensibilityGlobals) = postSolution
		SolutionGuid = {C1B00C55-C37C-40AE-B104-C570087C2BB5}
	EndGlobalSection
EndGlobal
